
Microsoft Visual Studio Solution File, Format Version 12.00
# Visual Studio Version 17
VisualStudioVersion = 17.4.33213.308
MinimumVisualStudioVersion = 10.0.40219.1
Project("{FAE04EC0-301F-11D3-BF4B-00C04F79EFBC}") = "shapes1", "shapes1\shapes1.csproj", "{0BF27E2A-E866-4ECF-B5DD-77B7A816CBBE}"
EndProject
Global
	GlobalSection(SolutionConfigurationPlatforms) = preSolution
		Debug|Any CPU = Debug|Any CPU
		Release|Any CPU = Release|Any CPU
	EndGlobalSection
	GlobalSection(ProjectConfigurationPlatforms) = postSolution
		{0BF27E2A-E866-4ECF-B5DD-77B7A816CBBE}.Debug|Any CPU.ActiveCfg = Debug|Any CPU
		{0BF27E2A-E866-4ECF-B5DD-77B7A816CBBE}.Debug|Any CPU.Build.0 = Debug|Any CPU
		{0BF27E2A-E866-4ECF-B5DD-77B7A816CBBE}.Release|Any CPU.ActiveCfg = Release|Any CPU
		{0BF27E2A-E866-4ECF-B5DD-77B7A816CBBE}.Release|Any CPU.Build.0 = Release|Any CPU
	EndGlobalSection
	GlobalSection(SolutionProperties) = preSolution
		HideSolutionNode = FALSE
	EndGlobalSection
	GlobalSection(ExtensibilityGlobals) = postSolution
		SolutionGuid = {AAEE8EEC-6D23-4415-AB76-6F0EB49AEE7B}
	EndGlobalSection
EndGlobal
