
Microsoft Visual Studio Solution File, Format Version 12.00
# Visual Studio Version 17
VisualStudioVersion = 17.4.33213.308
MinimumVisualStudioVersion = 10.0.40219.1
Project("{FAE04EC0-301F-11D3-BF4B-00C04F79EFBC}") = "abstract class", "abstract class\abstract class.csproj", "{993475BB-2311-4CE6-BB62-4572A1C70B06}"
EndProject
Global
	GlobalSection(SolutionConfigurationPlatforms) = preSolution
		Debug|Any CPU = Debug|Any CPU
		Release|Any CPU = Release|Any CPU
	EndGlobalSection
	GlobalSection(ProjectConfigurationPlatforms) = postSolution
		{993475BB-2311-4CE6-BB62-4572A1C70B06}.Debug|Any CPU.ActiveCfg = Debug|Any CPU
		{993475BB-2311-4CE6-BB62-4572A1C70B06}.Debug|Any CPU.Build.0 = Debug|Any CPU
		{993475BB-2311-4CE6-BB62-4572A1C70B06}.Release|Any CPU.ActiveCfg = Release|Any CPU
		{993475BB-2311-4CE6-BB62-4572A1C70B06}.Release|Any CPU.Build.0 = Release|Any CPU
	EndGlobalSection
	GlobalSection(SolutionProperties) = preSolution
		HideSolutionNode = FALSE
	EndGlobalSection
	GlobalSection(ExtensibilityGlobals) = postSolution
		SolutionGuid = {49BC0179-9CB5-4E33-94D2-BFB50B1E496F}
	EndGlobalSection
EndGlobal
